
Microsoft Visual Studio Solution File, Format Version 12.00
# Visual Studio Version 16
VisualStudioVersion = 16.0.31205.134
MinimumVisualStudioVersion = 10.0.40219.1
Project("{FAE04EC0-301F-11D3-BF4B-00C04F79EFBC}") = "WinFormsApp9", "WinFormsApp9\WinFormsApp9.csproj", "{59A6909E-C42F-4B8A-8A46-DD30C789B3ED}"
EndProject
Global
	GlobalSection(SolutionConfigurationPlatforms) = preSolution
		Debug|Any CPU = Debug|Any CPU
		Release|Any CPU = Release|Any CPU
	EndGlobalSection
	GlobalSection(ProjectConfigurationPlatforms) = postSolution
		{59A6909E-C42F-4B8A-8A46-DD30C789B3ED}.Debug|Any CPU.ActiveCfg = Debug|Any CPU
		{59A6909E-C42F-4B8A-8A46-DD30C789B3ED}.Debug|Any CPU.Build.0 = Debug|Any CPU
		{59A6909E-C42F-4B8A-8A46-DD30C789B3ED}.Release|Any CPU.ActiveCfg = Release|Any CPU
		{59A6909E-C42F-4B8A-8A46-DD30C789B3ED}.Release|Any CPU.Build.0 = Release|Any CPU
	EndGlobalSection
	GlobalSection(SolutionProperties) = preSolution
		HideSolutionNode = FALSE
	EndGlobalSection
	GlobalSection(ExtensibilityGlobals) = postSolution
		SolutionGuid = {C890D01F-2B4A-4AF3-A9BA-A2580BA498CA}
	EndGlobalSection
EndGlobal
